// !$*UTF8*$!
{
	archiveVersion = 1;
	classes = {
	};
	objectVersion = 77;
	objects = {

/* Begin PBXBuildFile section */
		A100000000000000000000C3 /* ClimaUI in Frameworks */ = {isa = PBXBuildFile; productRef = A100000000000000000000C2 /* ClimaUI */; };
/* End PBXBuildFile section */

/* Begin PBXContainerItemProxy section */
		4EBDB1A32F69035D009C0DB8 /* PBXContainerItemProxy */ = {
			isa = PBXContainerItemProxy;
			containerPortal = 4EBDB18B2F69035C009C0DB8 /* Project object */;
			proxyType = 1;
			remoteGlobalIDString = 4EBDB1922F69035C009C0DB8;
			remoteInfo = ClimaAgora;
		};
		4EBDB1AD2F69035D009C0DB8 /* PBXContainerItemProxy */ = {
			isa = PBXContainerItemProxy;
			containerPortal = 4EBDB18B2F69035C009C0DB8 /* Project object */;
			proxyType = 1;
			remoteGlobalIDString = 4EBDB1922F69035C009C0DB8;
			remoteInfo = ClimaAgora;
		};
/* End PBXContainerItemProxy section */

/* Begin PBXFileReference section */
		4EBDB1932F69035C009C0DB8 /* ClimaAgora.app */ = {isa = PBXFileReference; explicitFileType = wrapper.application; includeInIndex = 0; path = ClimaAgora.app; sourceTree = BUILT_PRODUCTS_DIR; };
		4EBDB1A22F69035D009C0DB8 /* ClimaAgoraTests.xctest */ = {isa = PBXFileReference; explicitFileType = wrapper.cfbundle; includeInIndex = 0; path = ClimaAgoraTests.xctest; sourceTree = BUILT_PRODUCTS_DIR; };
		4EBDB1AC2F69035D009C0DB8 /* ClimaAgoraUITests.xctest */ = {isa = PBXFileReference; explicitFileType = wrapper.cfbundle; includeInIndex = 0; path = ClimaAgoraUITests.xctest; sourceTree = BUILT_PRODUCTS_DIR; };
/* End PBXFileReference section */

/* Begin PBXFileSystemSynchronizedRootGroup section */
		4EBDB1952F69035C009C0DB8 /* ClimaAgora */ = {
			isa = PBXFileSystemSynchronizedRootGroup;
			path = ClimaAgora;
			sourceTree = "<group>";
		};
		4EBDB1A52F69035D009C0DB8 /* ClimaAgoraTests */ = {
			isa = PBXFileSystemSynchronizedRootGroup;
			path = ClimaAgoraTests;
			sourceTree = "<group>";
		};
		4EBDB1AF2F69035D009C0DB8 /* ClimaAgoraUITests */ = {
			isa = PBXFileSystemSynchronizedRootGroup;
			path = ClimaAgoraUITests;
			sourceTree = "<group>";
		};
/* End PBXFileSystemSynchronizedRootGroup section */

/* Begin PBXFrameworksBuildPhase section */
		4EBDB1902F69035C009C0DB8 /* Frameworks */ = {
			isa = PBXFrameworksBuildPhase;
			buildActionMask = 2147483647;
			files = (
				A100000000000000000000C3 /* ClimaUI in Frameworks */,
			);
			runOnlyForDeploymentPostprocessing = 0;
		};
		4EBDB19F2F69035D009C0DB8 /* Frameworks */ = {
			isa = PBXFrameworksBuildPhase;
			buildActionMask = 2147483647;
			files = (
			);
			runOnlyForDeploymentPostprocessing = 0;
		};
		4EBDB1A92F69035D009C0DB8 /* Frameworks */ = {
			isa = PBXFrameworksBuildPhase;
			buildActionMask = 2147483647;
			files = (
			);
			runOnlyForDeploymentPostprocessing = 0;
		};
/* End PBXFrameworksBuildPhase section */

/* Begin PBXGroup section */
		4EBDB18A2F69035C009C0DB8 = {
			isa = PBXGroup;
			children = (
				4EBDB1952F69035C009C0DB8 /* ClimaAgora */,
				4EBDB1A52F69035D009C0DB8 /* ClimaAgoraTests */,
				4EBDB1AF2F69035D009C0DB8 /* ClimaAgoraUITests */,
				4EBDB1942F69035C009C0DB8 /* Products */,
			);
			sourceTree = "<group>";
		};
		4EBDB1942F69035C009C0DB8 /* Products */ = {
			isa = PBXGroup;
			children = (
				4EBDB1932F69035C009C0DB8 /* ClimaAgora.app */,
				4EBDB1A22F69035D009C0DB8 /* ClimaAgoraTests.xctest */,
				4EBDB1AC2F69035D009C0DB8 /* ClimaAgoraUITests.xctest */,
			);
			name = Products;
			sourceTree = "<group>";
		};
/* End PBXGroup section */

/* Begin PBXNativeTarget section */
		4EBDB1922F69035C009C0DB8 /* ClimaAgora */ = {
			isa = PBXNativeTarget;
			buildConfigurationList = 4EBDB1B62F69035D009C0DB8 /* Build configuration list for PBXNativeTarget "ClimaAgora" */;
			buildPhases = (
				4EBDB18F2F69035C009C0DB8 /* Sources */,
				4EBDB1902F69035C009C0DB8 /* Frameworks */,
				4EBDB1912F69035C009C0DB8 /* Resources */,
			);
			buildRules = (
			);
			dependencies = (
			);
			fileSystemSynchronizedGroups = (
				4EBDB1952F69035C009C0DB8 /* ClimaAgora */,
			);
			name = ClimaAgora;
			packageProductDependencies = (
				A100000000000000000000C2 /* ClimaUI */,
			);
			productName = ClimaAgora;
			productReference = 4EBDB1932F69035C009C0DB8 /* ClimaAgora.app */;
			productType = "com.apple.product-type.application";
		};
		4EBDB1A12F69035D009C0DB8 /* ClimaAgoraTests */ = {
			isa = PBXNativeTarget;
			buildConfigurationList = 4EBDB1B92F69035D009C0DB8 /* Build configuration list for PBXNativeTarget "ClimaAgoraTests" */;
			buildPhases = (
				4EBDB19E2F69035D009C0DB8 /* Sources */,
				4EBDB19F2F69035D009C0DB8 /* Frameworks */,
				4EBDB1A02F69035D009C0DB8 /* Resources */,
			);
			buildRules = (
			);
			dependencies = (
				4EBDB1A42F69035D009C0DB8 /* PBXTargetDependency */,
			);
			fileSystemSynchronizedGroups = (
				4EBDB1A52F69035D009C0DB8 /* ClimaAgoraTests */,
			);
			name = ClimaAgoraTests;
			packageProductDependencies = (
			);
			productName = ClimaAgoraTests;
			productReference = 4EBDB1A22F69035D009C0DB8 /* ClimaAgoraTests.xctest */;
			productType = "com.apple.product-type.bundle.unit-test";
		};
		4EBDB1AB2F69035D009C0DB8 /* ClimaAgoraUITests */ = {
			isa = PBXNativeTarget;
			buildConfigurationList = 4EBDB1BC2F69035D009C0DB8 /* Build configuration list for PBXNativeTarget "ClimaAgoraUITests" */;
			buildPhases = (
				4EBDB1A82F69035D009C0DB8 /* Sources */,
				4EBDB1A92F69035D009C0DB8 /* Frameworks */,
				4EBDB1AA2F69035D009C0DB8 /* Resources */,
			);
			buildRules = (
			);
			dependencies = (
				4EBDB1AE2F69035D009C0DB8 /* PBXTargetDependency */,
			);
			fileSystemSynchronizedGroups = (
				4EBDB1AF2F69035D009C0DB8 /* ClimaAgoraUITests */,
			);
			name = ClimaAgoraUITests;
			packageProductDependencies = (
			);
			productName = ClimaAgoraUITests;
			productReference = 4EBDB1AC2F69035D009C0DB8 /* ClimaAgoraUITests.xctest */;
			productType = "com.apple.product-type.bundle.ui-testing";
		};
/* End PBXNativeTarget section */

/* Begin PBXProject section */
		4EBDB18B2F69035C009C0DB8 /* Project object */ = {
			isa = PBXProject;
			attributes = {
				BuildIndependentTargetsInParallel = 1;
				LastSwiftUpdateCheck = 1630;
				LastUpgradeCheck = 1630;
				TargetAttributes = {
					4EBDB1922F69035C009C0DB8 = {
						CreatedOnToolsVersion = 16.3;
					};
					4EBDB1A12F69035D009C0DB8 = {
						CreatedOnToolsVersion = 16.3;
						TestTargetID = 4EBDB1922F69035C009C0DB8;
					};
					4EBDB1AB2F69035D009C0DB8 = {
						CreatedOnToolsVersion = 16.3;
						TestTargetID = 4EBDB1922F69035C009C0DB8;
					};
				};
			};
			buildConfigurationList = 4EBDB18E2F69035C009C0DB8 /* Build configuration list for PBXProject "ClimaAgora" */;
			developmentRegion = en;
			hasScannedForEncodings = 0;
			knownRegions = (
				en,
				Base,
			);
			mainGroup = 4EBDB18A2F69035C009C0DB8;
			minimizedProjectReferenceProxies = 1;
			packageReferences = (
				A100000000000000000000C1 /* XCLocalSwiftPackageReference "ClimaUI" */,
			);
			preferredProjectObjectVersion = 77;
			productRefGroup = 4EBDB1942F69035C009C0DB8 /* Products */;
			projectDirPath = "";
			projectRoot = "";
			targets = (
				4EBDB1922F69035C009C0DB8 /* ClimaAgora */,
				4EBDB1A12F69035D009C0DB8 /* ClimaAgoraTests */,
				4EBDB1AB2F69035D009C0DB8 /* ClimaAgoraUITests */,
			);
		};
/* End PBXProject section */

/* Begin PBXResourcesBuildPhase section */
		4EBDB1912F69035C009C0DB8 /* Resources */ = {
			isa = PBXResourcesBuildPhase;
			buildActionMask = 2147483647;
			files = (
			);
			runOnlyForDeploymentPostprocessing = 0;
		};
		4EBDB1A02F69035D009C0DB8 /* Resources */ = {
			isa = PBXResourcesBuildPhase;
			buildActionMask = 2147483647;
			files = (
			);
			runOnlyForDeploymentPostprocessing = 0;
		};
		4EBDB1AA2F69035D009C0DB8 /* Resources */ = {
			isa = PBXResourcesBuildPhase;
			buildActionMask = 2147483647;
			files = (
			);
			runOnlyForDeploymentPostprocessing = 0;
		};
/* End PBXResourcesBuildPhase section */

/* Begin PBXSourcesBuildPhase section */
		4EBDB18F2F69035C009C0DB8 /* Sources */ = {
			isa = PBXSourcesBuildPhase;
			buildActionMask = 2147483647;
			files = (
			);
			runOnlyForDeploymentPostprocessing = 0;
		};
		4EBDB19E2F69035D009C0DB8 /* Sources */ = {
			isa = PBXSourcesBuildPhase;
			buildActionMask = 2147483647;
			files = (
			);
			runOnlyForDeploymentPostprocessing = 0;
		};
		4EBDB1A82F69035D009C0DB8 /* Sources */ = {
			isa = PBXSourcesBuildPhase;
			buildActionMask = 2147483647;
			files = (
			);
			runOnlyForDeploymentPostprocessing = 0;
		};
/* End PBXSourcesBuildPhase section */

/* Begin PBXTargetDependency section */
		4EBDB1A42F69035D009C0DB8 /* PBXTargetDependency */ = {
			isa = PBXTargetDependency;
			target = 4EBDB1922F69035C009C0DB8 /* ClimaAgora */;
			targetProxy = 4EBDB1A32F69035D009C0DB8 /* PBXContainerItemProxy */;
		};
		4EBDB1AE2F69035D009C0DB8 /* PBXTargetDependency */ = {
			isa = PBXTargetDependency;
			target = 4EBDB1922F69035C009C0DB8 /* ClimaAgora */;
			targetProxy = 4EBDB1AD2F69035D009C0DB8 /* PBXContainerItemProxy */;
		};
/* End PBXTargetDependency section */

/* Begin XCBuildConfiguration section */
		4EBDB1B42F69035D009C0DB8 /* Debug */ = {
			isa = XCBuildConfiguration;
			buildSettings = {
				ALWAYS_SEARCH_USER_PATHS = NO;
				ASSETCATALOG_COMPILER_GENERATE_SWIFT_ASSET_SYMBOL_EXTENSIONS = YES;
				CLANG_ANALYZER_NONNULL = YES;
				CLANG_ANALYZER_NUMBER_OBJECT_CONVERSION = YES_AGGRESSIVE;
				CLANG_CXX_LANGUAGE_STANDARD = "gnu++20";
				CLANG_ENABLE_MODULES = YES;
				CLANG_ENABLE_OBJC_ARC = YES;
				CLANG_ENABLE_OBJC_WEAK = YES;
				CLANG_WARN_BLOCK_CAPTURE_AUTORELEASING = YES;
				CLANG_WARN_BOOL_CONVERSION = YES;
				CLANG_WARN_COMMA = YES;
				CLANG_WARN_CONSTANT_CONVERSION = YES;
				CLANG_WARN_DEPRECATED_OBJC_IMPLEMENTATIONS = YES;
				CLANG_WARN_DIRECT_OBJC_ISA_USAGE = YES_ERROR;
				CLANG_WARN_DOCUMENTATION_COMMENTS = YES;
				CLANG_WARN_EMPTY_BODY = YES;
				CLANG_WARN_ENUM_CONVERSION = YES;
				CLANG_WARN_INFINITE_RECURSION = YES;
				CLANG_WARN_INT_CONVERSION = YES;
				CLANG_WARN_NON_LITERAL_NULL_CONVERSION = YES;
				CLANG_WARN_OBJC_IMPLICIT_RETAIN_SELF = YES;
				CLANG_WARN_OBJC_LITERAL_CONVERSION = YES;
				CLANG_WARN_OBJC_ROOT_CLASS = YES_ERROR;
				CLANG_WARN_QUOTED_INCLUDE_IN_FRAMEWORK_HEADER = YES;
				CLANG_WARN_RANGE_LOOP_ANALYSIS = YES;
				CLANG_WARN_STRICT_PROTOTYPES = YES;
				CLANG_WARN_SUSPICIOUS_MOVE = YES;
				CLANG_WARN_UNGUARDED_AVAILABILITY = YES_AGGRESSIVE;
				CLANG_WARN_UNREACHABLE_CODE = YES;
				CLANG_WARN__DUPLICATE_METHOD_MATCH = YES;
				COPY_PHASE_STRIP = NO;
				DEBUG_INFORMATION_FORMAT = dwarf;
				DEVELOPMENT_TEAM = LN84P6XXQV;
				ENABLE_STRICT_OBJC_MSGSEND = YES;
				ENABLE_TESTABILITY = YES;
				ENABLE_USER_SCRIPT_SANDBOXING = YES;
				GCC_C_LANGUAGE_STANDARD = gnu17;
				GCC_DYNAMIC_NO_PIC = NO;
				GCC_NO_COMMON_BLOCKS = YES;
				GCC_OPTIMIZATION_LEVEL = 0;
				GCC_PREPROCESSOR_DEFINITIONS = (
					"DEBUG=1",
					"$(inherited)",
				);
				GCC_WARN_64_TO_32_BIT_CONVERSION = YES;
				GCC_WARN_ABOUT_RETURN_TYPE = YES_ERROR;
				GCC_WARN_UNDECLARED_SELECTOR = YES;
				GCC_WARN_UNINITIALIZED_AUTOS = YES_AGGRESSIVE;
				GCC_WARN_UNUSED_FUNCTION = YES;
				GCC_WARN_UNUSED_VARIABLE = YES;
				INFOPLIST_PREPROCESS = NO;
				IPHONEOS_DEPLOYMENT_TARGET = 18.4;
				LOCALIZATION_PREFERS_STRING_CATALOGS = YES;
				MTL_ENABLE_DEBUG_INFO = INCLUDE_SOURCE;
				MTL_FAST_MATH = YES;
				ONLY_ACTIVE_ARCH = YES;
				SDKROOT = iphoneos;
				SWIFT_ACTIVE_COMPILATION_CONDITIONS = "DEBUG $(inherited)";
				SWIFT_OPTIMIZATION_LEVEL = "-Onone";
			};
			name = Debug;
		};
		4EBDB1B52F69035D009C0DB8 /* Release */ = {
			isa = XCBuildConfiguration;
			buildSettings = {
				ALWAYS_SEARCH_USER_PATHS = NO;
				ASSETCATALOG_COMPILER_GENERATE_SWIFT_ASSET_SYMBOL_EXTENSIONS = YES;
				CLANG_ANALYZER_NONNULL = YES;
				CLANG_ANALYZER_NUMBER_OBJECT_CONVERSION = YES_AGGRESSIVE;
				CLANG_CXX_LANGUAGE_STANDARD = "gnu++20";
				CLANG_ENABLE_MODULES = YES;
				CLANG_ENABLE_OBJC_ARC = YES;
				CLANG_ENABLE_OBJC_WEAK = YES;
				CLANG_WARN_BLOCK_CAPTURE_AUTORELEASING = YES;
				CLANG_WARN_BOOL_CONVERSION = YES;
				CLANG_WARN_COMMA = YES;
				CLANG_WARN_CONSTANT_CONVERSION = YES;
				CLANG_WARN_DEPRECATED_OBJC_IMPLEMENTATIONS = YES;
				CLANG_WARN_DIRECT_OBJC_ISA_USAGE = YES_ERROR;
				CLANG_WARN_DOCUMENTATION_COMMENTS = YES;
				CLANG_WARN_EMPTY_BODY = YES;
				CLANG_WARN_ENUM_CONVERSION = YES;
				CLANG_WARN_INFINITE_RECURSION = YES;
				CLANG_WARN_INT_CONVERSION = YES;
				CLANG_WARN_NON_LITERAL_NULL_CONVERSION = YES;
				CLANG_WARN_OBJC_IMPLICIT_RETAIN_SELF = YES;
				CLANG_WARN_OBJC_LITERAL_CONVERSION = YES;
				CLANG_WARN_OBJC_ROOT_CLASS = YES_ERROR;
				CLANG_WARN_QUOTED_INCLUDE_IN_FRAMEWORK_HEADER = YES;
				CLANG_WARN_RANGE_LOOP_ANALYSIS = YES;
				CLANG_WARN_STRICT_PROTOTYPES = YES;
				CLANG_WARN_SUSPICIOUS_MOVE = YES;
				CLANG_WARN_UNGUARDED_AVAILABILITY = YES_AGGRESSIVE;
				CLANG_WARN_UNREACHABLE_CODE = YES;
				CLANG_WARN__DUPLICATE_METHOD_MATCH = YES;
				COPY_PHASE_STRIP = NO;
				DEBUG_INFORMATION_FORMAT = "dwarf-with-dsym";
				DEVELOPMENT_TEAM = LN84P6XXQV;
				ENABLE_NS_ASSERTIONS = NO;
				ENABLE_STRICT_OBJC_MSGSEND = YES;
				ENABLE_USER_SCRIPT_SANDBOXING = YES;
				GCC_C_LANGUAGE_STANDARD = gnu17;
				GCC_NO_COMMON_BLOCKS = YES;
				GCC_WARN_64_TO_32_BIT_CONVERSION = YES;
				GCC_WARN_ABOUT_RETURN_TYPE = YES_ERROR;
				GCC_WARN_UNDECLARED_SELECTOR = YES;
				GCC_WARN_UNINITIALIZED_AUTOS = YES_AGGRESSIVE;
				GCC_WARN_UNUSED_FUNCTION = YES;
				GCC_WARN_UNUSED_VARIABLE = YES;
				INFOPLIST_PREPROCESS = NO;
				IPHONEOS_DEPLOYMENT_TARGET = 18.4;
				LOCALIZATION_PREFERS_STRING_CATALOGS = YES;
				MTL_ENABLE_DEBUG_INFO = NO;
				MTL_FAST_MATH = YES;
				SDKROOT = iphoneos;
				SWIFT_COMPILATION_MODE = wholemodule;
				VALIDATE_PRODUCT = YES;
			};
			name = Release;
		};
		4EBDB1B72F69035D009C0DB8 /* Debug */ = {
			isa = XCBuildConfiguration;
			buildSettings = {
				ASSETCATALOG_COMPILER_APPICON_NAME = AppIcon;
				ASSETCATALOG_COMPILER_GLOBAL_ACCENT_COLOR_NAME = AccentColor;
				CODE_SIGN_STYLE = Automatic;
				CURRENT_PROJECT_VERSION = 1;
				DEVELOPMENT_TEAM = LN84P6XXQV;
				ENABLE_PREVIEWS = YES;
				GENERATE_INFOPLIST_FILE = YES;
				INFOPLIST_KEY_NSAppTransportSecurityAllowsArbitraryLoads = YES;
				INFOPLIST_KEY_UIApplicationSceneManifest_Generation = YES;
				INFOPLIST_KEY_UIApplicationSupportsIndirectInputEvents = YES;
				INFOPLIST_KEY_UILaunchScreen_Generation = YES;
				INFOPLIST_KEY_UISupportedInterfaceOrientations_iPad = "UIInterfaceOrientationPortrait UIInterfaceOrientationPortraitUpsideDown UIInterfaceOrientationLandscapeLeft UIInterfaceOrientationLandscapeRight";
				INFOPLIST_KEY_UISupportedInterfaceOrientations_iPhone = "UIInterfaceOrientationPortrait UIInterfaceOrientationLandscapeLeft UIInterfaceOrientationLandscapeRight";
				INFOPLIST_PREPROCESS = NO;
				LD_RUNPATH_SEARCH_PATHS = (
					"$(inherited)",
					"@executable_path/Frameworks",
				);
				MARKETING_VERSION = 1.0;
				PRODUCT_BUNDLE_IDENTIFIER = com.app.ClimaAgora;
				PRODUCT_NAME = "$(TARGET_NAME)";
				SWIFT_EMIT_LOC_STRINGS = YES;
				SWIFT_VERSION = 5.0;
				TARGETED_DEVICE_FAMILY = "1,2";
			};
			name = Debug;
		};
		4EBDB1B82F69035D009C0DB8 /* Release */ = {
			isa = XCBuildConfiguration;
			buildSettings = {
				ASSETCATALOG_COMPILER_APPICON_NAME = AppIcon;
				ASSETCATALOG_COMPILER_GLOBAL_ACCENT_COLOR_NAME = AccentColor;
				CODE_SIGN_STYLE = Automatic;
				CURRENT_PROJECT_VERSION = 1;
				DEVELOPMENT_TEAM = LN84P6XXQV;
				ENABLE_PREVIEWS = YES;
				GENERATE_INFOPLIST_FILE = YES;
				INFOPLIST_KEY_NSAppTransportSecurityAllowsArbitraryLoads = YES;
				INFOPLIST_KEY_UIApplicationSceneManifest_Generation = YES;
				INFOPLIST_KEY_UIApplicationSupportsIndirectInputEvents = YES;
				INFOPLIST_KEY_UILaunchScreen_Generation = YES;
				INFOPLIST_KEY_UISupportedInterfaceOrientations_iPad = "UIInterfaceOrientationPortrait UIInterfaceOrientationPortraitUpsideDown UIInterfaceOrientationLandscapeLeft UIInterfaceOrientationLandscapeRight";
				INFOPLIST_KEY_UISupportedInterfaceOrientations_iPhone = "UIInterfaceOrientationPortrait UIInterfaceOrientationLandscapeLeft UIInterfaceOrientationLandscapeRight";
				INFOPLIST_PREPROCESS = NO;
				LD_RUNPATH_SEARCH_PATHS = (
					"$(inherited)",
					"@executable_path/Frameworks",
				);
				MARKETING_VERSION = 1.0;
				PRODUCT_BUNDLE_IDENTIFIER = com.app.ClimaAgora;
				PRODUCT_NAME = "$(TARGET_NAME)";
				SWIFT_EMIT_LOC_STRINGS = YES;
				SWIFT_VERSION = 5.0;
				TARGETED_DEVICE_FAMILY = "1,2";
			};
			name = Release;
		};
		4EBDB1BA2F69035D009C0DB8 /* Debug */ = {
			isa = XCBuildConfiguration;
			buildSettings = {
				BUNDLE_LOADER = "$(TEST_HOST)";
				CODE_SIGN_STYLE = Automatic;
				CURRENT_PROJECT_VERSION = 1;
				DEVELOPMENT_TEAM = LN84P6XXQV;
				IPHONEOS_DEPLOYMENT_TARGET = 18.4;
				MARKETING_VERSION = 1.0;
				GENERATE_INFOPLIST_FILE = YES;
				PRODUCT_BUNDLE_IDENTIFIER = com.app.ClimaAgoraTests;
				PRODUCT_NAME = "$(TARGET_NAME)";
				SWIFT_EMIT_LOC_STRINGS = NO;
				SWIFT_VERSION = 5.0;
				TARGETED_DEVICE_FAMILY = "1,2";
				TEST_HOST = "$(BUILT_PRODUCTS_DIR)/ClimaAgora.app/$(BUNDLE_EXECUTABLE_FOLDER_PATH)/ClimaAgora";
			};
			name = Debug;
		};
		4EBDB1BB2F69035D009C0DB8 /* Release */ = {
			isa = XCBuildConfiguration;
			buildSettings = {
				BUNDLE_LOADER = "$(TEST_HOST)";
				CODE_SIGN_STYLE = Automatic;
				CURRENT_PROJECT_VERSION = 1;
				DEVELOPMENT_TEAM = LN84P6XXQV;
				IPHONEOS_DEPLOYMENT_TARGET = 18.4;
				MARKETING_VERSION = 1.0;
				GENERATE_INFOPLIST_FILE = YES;
				PRODUCT_BUNDLE_IDENTIFIER = com.app.ClimaAgoraTests;
				PRODUCT_NAME = "$(TARGET_NAME)";
				SWIFT_EMIT_LOC_STRINGS = NO;
				SWIFT_VERSION = 5.0;
				TARGETED_DEVICE_FAMILY = "1,2";
				TEST_HOST = "$(BUILT_PRODUCTS_DIR)/ClimaAgora.app/$(BUNDLE_EXECUTABLE_FOLDER_PATH)/ClimaAgora";
			};
			name = Release;
		};
		4EBDB1BD2F69035D009C0DB8 /* Debug */ = {
			isa = XCBuildConfiguration;
			buildSettings = {
				CODE_SIGN_STYLE = Automatic;
				CURRENT_PROJECT_VERSION = 1;
				DEVELOPMENT_TEAM = LN84P6XXQV;
				IPHONEOS_DEPLOYMENT_TARGET = 18.4;
				MARKETING_VERSION = 1.0;
				GENERATE_INFOPLIST_FILE = YES;
				PRODUCT_BUNDLE_IDENTIFIER = com.app.ClimaAgoraUITests;
				PRODUCT_NAME = "$(TARGET_NAME)";
				SWIFT_EMIT_LOC_STRINGS = NO;
				SWIFT_VERSION = 5.0;
				TARGETED_DEVICE_FAMILY = "1,2";
				TEST_TARGET_NAME = ClimaAgora;
			};
			name = Debug;
		};
		4EBDB1BE2F69035D009C0DB8 /* Release */ = {
			isa = XCBuildConfiguration;
			buildSettings = {
				CODE_SIGN_STYLE = Automatic;
				CURRENT_PROJECT_VERSION = 1;
				DEVELOPMENT_TEAM = LN84P6XXQV;
				IPHONEOS_DEPLOYMENT_TARGET = 18.4;
				MARKETING_VERSION = 1.0;
				GENERATE_INFOPLIST_FILE = YES;
				PRODUCT_BUNDLE_IDENTIFIER = com.app.ClimaAgoraUITests;
				PRODUCT_NAME = "$(TARGET_NAME)";
				SWIFT_EMIT_LOC_STRINGS = NO;
				SWIFT_VERSION = 5.0;
				TARGETED_DEVICE_FAMILY = "1,2";
				TEST_TARGET_NAME = ClimaAgora;
			};
			name = Release;
		};
/* End XCBuildConfiguration section */

/* Begin XCConfigurationList section */
		4EBDB18E2F69035C009C0DB8 /* Build configuration list for PBXProject "ClimaAgora" */ = {
			isa = XCConfigurationList;
			buildConfigurations = (
				4EBDB1B42F69035D009C0DB8 /* Debug */,
				4EBDB1B52F69035D009C0DB8 /* Release */,
			);
			defaultConfigurationIsVisible = 0;
			defaultConfigurationName = Release;
		};
		4EBDB1B62F69035D009C0DB8 /* Build configuration list for PBXNativeTarget "ClimaAgora" */ = {
			isa = XCConfigurationList;
			buildConfigurations = (
				4EBDB1B72F69035D009C0DB8 /* Debug */,
				4EBDB1B82F69035D009C0DB8 /* Release */,
			);
			defaultConfigurationIsVisible = 0;
			defaultConfigurationName = Release;
		};
		4EBDB1B92F69035D009C0DB8 /* Build configuration list for PBXNativeTarget "ClimaAgoraTests" */ = {
			isa = XCConfigurationList;
			buildConfigurations = (
				4EBDB1BA2F69035D009C0DB8 /* Debug */,
				4EBDB1BB2F69035D009C0DB8 /* Release */,
			);
			defaultConfigurationIsVisible = 0;
			defaultConfigurationName = Release;
		};
		4EBDB1BC2F69035D009C0DB8 /* Build configuration list for PBXNativeTarget "ClimaAgoraUITests" */ = {
			isa = XCConfigurationList;
			buildConfigurations = (
				4EBDB1BD2F69035D009C0DB8 /* Debug */,
				4EBDB1BE2F69035D009C0DB8 /* Release */,
			);
			defaultConfigurationIsVisible = 0;
			defaultConfigurationName = Release;
		};
/* End XCConfigurationList section */

/* Begin XCLocalSwiftPackageReference section */
		A100000000000000000000C1 /* XCLocalSwiftPackageReference "ClimaUI" */ = {
			isa = XCLocalSwiftPackageReference;
			relativePath = ClimaUI;
		};
/* End XCLocalSwiftPackageReference section */

/* Begin XCSwiftPackageProductDependency section */
		A100000000000000000000C2 /* ClimaUI */ = {
			isa = XCSwiftPackageProductDependency;
			productName = ClimaUI;
		};
/* End XCSwiftPackageProductDependency section */
	};
	rootObject = 4EBDB18B2F69035C009C0DB8 /* Project object */;
}
